
Microsoft Visual Studio Solution File, Format Version 12.00
# Visual Studio Version 17
VisualStudioVersion = 17.0.31903.59
MinimumVisualStudioVersion = 10.0.40219.1
Project("{FAE04EC0-301F-11D3-BF4B-00C04F79EFBC}") = "Moodle.API", "Moodle.API\Moodle.API.csproj", "{37F71270-F8EE-4D23-AE07-64BD98624E6E}"
EndProject
Project("{FAE04EC0-301F-11D3-BF4B-00C04F79EFBC}") = "Moodle.Core", "Moodle.Core\Moodle.Core.csproj", "{EB3A4D22-F85D-439B-B558-C377704BA4C6}"
EndProject
Project("{FAE04EC0-301F-11D3-BF4B-00C04F79EFBC}") = "Moodle.Data", "Moodle.Data\Moodle.Data.csproj", "{426931FC-1A2D-486D-A22D-F54CEE880C6F}"
EndProject
Global
	GlobalSection(SolutionConfigurationPlatforms) = preSolution
		Debug|Any CPU = Debug|Any CPU
		Release|Any CPU = Release|Any CPU
	EndGlobalSection
	GlobalSection(SolutionProperties) = preSolution
		HideSolutionNode = FALSE
	EndGlobalSection
	GlobalSection(ProjectConfigurationPlatforms) = postSolution
		{37F71270-F8EE-4D23-AE07-64BD98624E6E}.Debug|Any CPU.ActiveCfg = Debug|Any CPU
		{37F71270-F8EE-4D23-AE07-64BD98624E6E}.Debug|Any CPU.Build.0 = Debug|Any CPU
		{37F71270-F8EE-4D23-AE07-64BD98624E6E}.Release|Any CPU.ActiveCfg = Release|Any CPU
		{37F71270-F8EE-4D23-AE07-64BD98624E6E}.Release|Any CPU.Build.0 = Release|Any CPU
		{EB3A4D22-F85D-439B-B558-C377704BA4C6}.Debug|Any CPU.ActiveCfg = Debug|Any CPU
		{EB3A4D22-F85D-439B-B558-C377704BA4C6}.Debug|Any CPU.Build.0 = Debug|Any CPU
		{EB3A4D22-F85D-439B-B558-C377704BA4C6}.Release|Any CPU.ActiveCfg = Release|Any CPU
		{EB3A4D22-F85D-439B-B558-C377704BA4C6}.Release|Any CPU.Build.0 = Release|Any CPU
		{426931FC-1A2D-486D-A22D-F54CEE880C6F}.Debug|Any CPU.ActiveCfg = Debug|Any CPU
		{426931FC-1A2D-486D-A22D-F54CEE880C6F}.Debug|Any CPU.Build.0 = Debug|Any CPU
		{426931FC-1A2D-486D-A22D-F54CEE880C6F}.Release|Any CPU.ActiveCfg = Release|Any CPU
		{426931FC-1A2D-486D-A22D-F54CEE880C6F}.Release|Any CPU.Build.0 = Release|Any CPU
	EndGlobalSection
EndGlobal
